// !$*UTF8*$!
{
	archiveVersion = 1;
	classes = {
	};
	objectVersion = 50;
	objects = {

/* Begin PBXBuildFile section */
		F7199B50258BA83400CCC3C2 /* Binding+Extention.swift in Sources */ = {isa = PBXBuildFile; fileRef = F7199B4F258BA83300CCC3C2 /* Binding+Extention.swift */; };
		F72205E32577B3FB003DE067 /* RewardSheet.swift in Sources */ = {isa = PBXBuildFile; fileRef = F72205E22577B3FB003DE067 /* RewardSheet.swift */; };
		F72593562588DA4000E3079D /* PostsEdit.swift in Sources */ = {isa = PBXBuildFile; fileRef = F72593552588DA4000E3079D /* PostsEdit.swift */; };
		F72D24B2269BAD2800D9715A /* BarGraph.swift in Sources */ = {isa = PBXBuildFile; fileRef = F72D24B1269BAD2700D9715A /* BarGraph.swift */; };
		F7342B2225D430A200B209C9 /* UserProfile.swift in Sources */ = {isa = PBXBuildFile; fileRef = F7342B2125D430A200B209C9 /* UserProfile.swift */; };
		F7342B2D25D44AD300B209C9 /* PostRow.swift in Sources */ = {isa = PBXBuildFile; fileRef = F7342B2C25D44AD300B209C9 /* PostRow.swift */; };
		F7342B3225D44CC500B209C9 /* RewardRow.swift in Sources */ = {isa = PBXBuildFile; fileRef = F7342B3125D44CC500B209C9 /* RewardRow.swift */; };
		F749BDEE25CE654100229985 /* ImagePicker.swift in Sources */ = {isa = PBXBuildFile; fileRef = F749BDED25CE654100229985 /* ImagePicker.swift */; };
		F749BDF425CEBB0A00229985 /* UserDefault+Extention.swift in Sources */ = {isa = PBXBuildFile; fileRef = F749BDF325CEBB0A00229985 /* UserDefault+Extention.swift */; };
		F74F8A1726AA8078001B47CD /* BarViewPerMonth.swift in Sources */ = {isa = PBXBuildFile; fileRef = F74F8A1626AA8078001B47CD /* BarViewPerMonth.swift */; };
		F74F8A1C26AA8165001B47CD /* BarViewPerDay.swift in Sources */ = {isa = PBXBuildFile; fileRef = F74F8A1B26AA8165001B47CD /* BarViewPerDay.swift */; };
		F75E164C25D8F3E000FAC2A2 /* Calender.swift in Sources */ = {isa = PBXBuildFile; fileRef = F75E164B25D8F3E000FAC2A2 /* Calender.swift */; };
		F75E7016257D51A000C4E6D9 /* RewardNew.swift in Sources */ = {isa = PBXBuildFile; fileRef = F75E7015257D51A000C4E6D9 /* RewardNew.swift */; };
		F77C09E625D1481600D0F7A7 /* RewardDone.swift in Sources */ = {isa = PBXBuildFile; fileRef = F77C09E525D1481600D0F7A7 /* RewardDone.swift */; };
		F77DA9BC25734B200095B6C3 /* PostsList.swift in Sources */ = {isa = PBXBuildFile; fileRef = F77DA9BB25734B200095B6C3 /* PostsList.swift */; };
		F77DA9C22573D1470095B6C3 /* SwiftApp.xcdatamodeld in Sources */ = {isa = PBXBuildFile; fileRef = F77DA9C02573D1470095B6C3 /* SwiftApp.xcdatamodeld */; };
		F77DA9C42573D3400095B6C3 /* PostsNew.swift in Sources */ = {isa = PBXBuildFile; fileRef = F77DA9C32573D3400095B6C3 /* PostsNew.swift */; };
		F77F7E8B257A62C700DAA12B /* EditUser.swift in Sources */ = {isa = PBXBuildFile; fileRef = F77F7E8A257A62C700DAA12B /* EditUser.swift */; };
		F77F7E8D257A630800DAA12B /* RewardEntity+Extention.swift in Sources */ = {isa = PBXBuildFile; fileRef = F77F7E8C257A630800DAA12B /* RewardEntity+Extention.swift */; };
		F78477AA25727F0D00499835 /* AppDelegate.swift in Sources */ = {isa = PBXBuildFile; fileRef = F78477A925727F0D00499835 /* AppDelegate.swift */; };
		F78477AC25727F0D00499835 /* SceneDelegate.swift in Sources */ = {isa = PBXBuildFile; fileRef = F78477AB25727F0D00499835 /* SceneDelegate.swift */; };
		F78477AE25727F0D00499835 /* ContentView.swift in Sources */ = {isa = PBXBuildFile; fileRef = F78477AD25727F0D00499835 /* ContentView.swift */; };
		F78477B025727F1500499835 /* Assets.xcassets in Resources */ = {isa = PBXBuildFile; fileRef = F78477AF25727F1500499835 /* Assets.xcassets */; };
		F78477B325727F1500499835 /* Preview Assets.xcassets in Resources */ = {isa = PBXBuildFile; fileRef = F78477B225727F1500499835 /* Preview Assets.xcassets */; };
		F78477B625727F1500499835 /* LaunchScreen.storyboard in Resources */ = {isa = PBXBuildFile; fileRef = F78477B425727F1500499835 /* LaunchScreen.storyboard */; };
		F78477C125727F1600499835 /* SwiftAppTests.swift in Sources */ = {isa = PBXBuildFile; fileRef = F78477C025727F1600499835 /* SwiftAppTests.swift */; };
		F78477CC25727F1600499835 /* SwiftAppUITests.swift in Sources */ = {isa = PBXBuildFile; fileRef = F78477CB25727F1600499835 /* SwiftAppUITests.swift */; };
		F78477DA2572806E00499835 /* CircleImage.swift in Sources */ = {isa = PBXBuildFile; fileRef = F78477D92572806E00499835 /* CircleImage.swift */; };
		F785E83D26A9C362003043B7 /* BarViewPerWeek.swift in Sources */ = {isa = PBXBuildFile; fileRef = F785E83C26A9C362003043B7 /* BarViewPerWeek.swift */; };
		F78D28FC25E00A2B002024E4 /* ColorSetting.swift in Sources */ = {isa = PBXBuildFile; fileRef = F78D28FB25E00A2A002024E4 /* ColorSetting.swift */; };
		F7A2E33A26ABAF9200FC20AB /* TodaysPoint.swift in Sources */ = {isa = PBXBuildFile; fileRef = F7A2E33926ABAF9200FC20AB /* TodaysPoint.swift */; };
		F7AEB385268F5DD9009C4025 /* PointInt32toFloat.xcmappingmodel in Sources */ = {isa = PBXBuildFile; fileRef = F7AEB384268F5DD8009C4025 /* PointInt32toFloat.xcmappingmodel */; };
		F7AEB38D268F61DF009C4025 /* ResetData.xcmappingmodel in Sources */ = {isa = PBXBuildFile; fileRef = F7AEB38C268F61DF009C4025 /* ResetData.xcmappingmodel */; };
		F7CB7EE3257769F9007CC57B /* MyPage.swift in Sources */ = {isa = PBXBuildFile; fileRef = F7CB7EE2257769F9007CC57B /* MyPage.swift */; };
		F7D416BF2573DE5700822D74 /* PostEntity+Extension.swift in Sources */ = {isa = PBXBuildFile; fileRef = F7D416BE2573DE5700822D74 /* PostEntity+Extension.swift */; };
		F7FB2EB425D962F0007BDA98 /* PostsSortedByDate.swift in Sources */ = {isa = PBXBuildFile; fileRef = F7FB2EB325D962F0007BDA98 /* PostsSortedByDate.swift */; };
/* End PBXBuildFile section */

/* Begin PBXContainerItemProxy section */
		F78477BD25727F1600499835 /* PBXContainerItemProxy */ = {
			isa = PBXContainerItemProxy;
			containerPortal = F784779E25727F0D00499835 /* Project object */;
			proxyType = 1;
			remoteGlobalIDString = F78477A525727F0D00499835;
			remoteInfo = SwiftApp;
		};
		F78477C825727F1600499835 /* PBXContainerItemProxy */ = {
			isa = PBXContainerItemProxy;
			containerPortal = F784779E25727F0D00499835 /* Project object */;
			proxyType = 1;
			remoteGlobalIDString = F78477A525727F0D00499835;
			remoteInfo = SwiftApp;
		};
/* End PBXContainerItemProxy section */

/* Begin PBXFileReference section */
		F7199B4F258BA83300CCC3C2 /* Binding+Extention.swift */ = {isa = PBXFileReference; lastKnownFileType = sourcecode.swift; path = "Binding+Extention.swift"; sourceTree = "<group>"; };
		F72205E22577B3FB003DE067 /* RewardSheet.swift */ = {isa = PBXFileReference; lastKnownFileType = sourcecode.swift; path = RewardSheet.swift; sourceTree = "<group>"; };
		F72593552588DA4000E3079D /* PostsEdit.swift */ = {isa = PBXFileReference; lastKnownFileType = sourcecode.swift; path = PostsEdit.swift; sourceTree = "<group>"; };
		F72D24B1269BAD2700D9715A /* BarGraph.swift */ = {isa = PBXFileReference; lastKnownFileType = sourcecode.swift; path = BarGraph.swift; sourceTree = "<group>"; };
		F7342B2125D430A200B209C9 /* UserProfile.swift */ = {isa = PBXFileReference; fileEncoding = 4; lastKnownFileType = sourcecode.swift; path = UserProfile.swift; sourceTree = "<group>"; };
		F7342B2C25D44AD300B209C9 /* PostRow.swift */ = {isa = PBXFileReference; lastKnownFileType = sourcecode.swift; path = PostRow.swift; sourceTree = "<group>"; };
		F7342B3125D44CC500B209C9 /* RewardRow.swift */ = {isa = PBXFileReference; lastKnownFileType = sourcecode.swift; path = RewardRow.swift; sourceTree = "<group>"; };
		F749BDED25CE654100229985 /* ImagePicker.swift */ = {isa = PBXFileReference; lastKnownFileType = sourcecode.swift; path = ImagePicker.swift; sourceTree = "<group>"; };
		F749BDF325CEBB0A00229985 /* UserDefault+Extention.swift */ = {isa = PBXFileReference; lastKnownFileType = sourcecode.swift; path = "UserDefault+Extention.swift"; sourceTree = "<group>"; };
		F74F8A1626AA8078001B47CD /* BarViewPerMonth.swift */ = {isa = PBXFileReference; lastKnownFileType = sourcecode.swift; path = BarViewPerMonth.swift; sourceTree = "<group>"; };
		F74F8A1B26AA8165001B47CD /* BarViewPerDay.swift */ = {isa = PBXFileReference; lastKnownFileType = sourcecode.swift; path = BarViewPerDay.swift; sourceTree = "<group>"; };
		F75E164B25D8F3E000FAC2A2 /* Calender.swift */ = {isa = PBXFileReference; lastKnownFileType = sourcecode.swift; path = Calender.swift; sourceTree = "<group>"; };
		F75E7015257D51A000C4E6D9 /* RewardNew.swift */ = {isa = PBXFileReference; lastKnownFileType = sourcecode.swift; path = RewardNew.swift; sourceTree = "<group>"; };
		F77C09E525D1481600D0F7A7 /* RewardDone.swift */ = {isa = PBXFileReference; lastKnownFileType = sourcecode.swift; path = RewardDone.swift; sourceTree = "<group>"; };
		F77DA9BB25734B200095B6C3 /* PostsList.swift */ = {isa = PBXFileReference; lastKnownFileType = sourcecode.swift; path = PostsList.swift; sourceTree = "<group>"; };
		F77DA9C12573D1470095B6C3 /* SwiftApp.xcdatamodel */ = {isa = PBXFileReference; lastKnownFileType = wrapper.xcdatamodel; path = SwiftApp.xcdatamodel; sourceTree = "<group>"; };
		F77DA9C32573D3400095B6C3 /* PostsNew.swift */ = {isa = PBXFileReference; lastKnownFileType = sourcecode.swift; path = PostsNew.swift; sourceTree = "<group>"; };
		F77F7E8A257A62C700DAA12B /* EditUser.swift */ = {isa = PBXFileReference; lastKnownFileType = sourcecode.swift; path = EditUser.swift; sourceTree = "<group>"; };
		F77F7E8C257A630800DAA12B /* RewardEntity+Extention.swift */ = {isa = PBXFileReference; lastKnownFileType = sourcecode.swift; path = "RewardEntity+Extention.swift"; sourceTree = "<group>"; };
		F78477A625727F0D00499835 /* SwiftApp.app */ = {isa = PBXFileReference; explicitFileType = wrapper.application; includeInIndex = 0; path = SwiftApp.app; sourceTree = BUILT_PRODUCTS_DIR; };
		F78477A925727F0D00499835 /* AppDelegate.swift */ = {isa = PBXFileReference; lastKnownFileType = sourcecode.swift; path = AppDelegate.swift; sourceTree = "<group>"; };
		F78477AB25727F0D00499835 /* SceneDelegate.swift */ = {isa = PBXFileReference; lastKnownFileType = sourcecode.swift; path = SceneDelegate.swift; sourceTree = "<group>"; };
		F78477AD25727F0D00499835 /* ContentView.swift */ = {isa = PBXFileReference; lastKnownFileType = sourcecode.swift; path = ContentView.swift; sourceTree = "<group>"; };
		F78477AF25727F1500499835 /* Assets.xcassets */ = {isa = PBXFileReference; lastKnownFileType = folder.assetcatalog; path = Assets.xcassets; sourceTree = "<group>"; };
		F78477B225727F1500499835 /* Preview Assets.xcassets */ = {isa = PBXFileReference; lastKnownFileType = folder.assetcatalog; path = "Preview Assets.xcassets"; sourceTree = "<group>"; };
		F78477B525727F1500499835 /* Base */ = {isa = PBXFileReference; lastKnownFileType = file.storyboard; name = Base; path = Base.lproj/LaunchScreen.storyboard; sourceTree = "<group>"; };
		F78477B725727F1500499835 /* Info.plist */ = {isa = PBXFileReference; lastKnownFileType = text.plist.xml; path = Info.plist; sourceTree = "<group>"; };
		F78477BC25727F1600499835 /* SwiftAppTests.xctest */ = {isa = PBXFileReference; explicitFileType = wrapper.cfbundle; includeInIndex = 0; path = SwiftAppTests.xctest; sourceTree = BUILT_PRODUCTS_DIR; };
		F78477C025727F1600499835 /* SwiftAppTests.swift */ = {isa = PBXFileReference; lastKnownFileType = sourcecode.swift; path = SwiftAppTests.swift; sourceTree = "<group>"; };
		F78477C225727F1600499835 /* Info.plist */ = {isa = PBXFileReference; lastKnownFileType = text.plist.xml; path = Info.plist; sourceTree = "<group>"; };
		F78477C725727F1600499835 /* SwiftAppUITests.xctest */ = {isa = PBXFileReference; explicitFileType = wrapper.cfbundle; includeInIndex = 0; path = SwiftAppUITests.xctest; sourceTree = BUILT_PRODUCTS_DIR; };
		F78477CB25727F1600499835 /* SwiftAppUITests.swift */ = {isa = PBXFileReference; lastKnownFileType = sourcecode.swift; path = SwiftAppUITests.swift; sourceTree = "<group>"; };
		F78477CD25727F1600499835 /* Info.plist */ = {isa = PBXFileReference; lastKnownFileType = text.plist.xml; path = Info.plist; sourceTree = "<group>"; };
		F78477D92572806E00499835 /* CircleImage.swift */ = {isa = PBXFileReference; lastKnownFileType = sourcecode.swift; path = CircleImage.swift; sourceTree = "<group>"; };
		F785E83C26A9C362003043B7 /* BarViewPerWeek.swift */ = {isa = PBXFileReference; lastKnownFileType = sourcecode.swift; path = BarViewPerWeek.swift; sourceTree = "<group>"; };
		F78D28FB25E00A2A002024E4 /* ColorSetting.swift */ = {isa = PBXFileReference; lastKnownFileType = sourcecode.swift; path = ColorSetting.swift; sourceTree = "<group>"; };
		F7A2E33926ABAF9200FC20AB /* TodaysPoint.swift */ = {isa = PBXFileReference; lastKnownFileType = sourcecode.swift; path = TodaysPoint.swift; sourceTree = "<group>"; };
		F7AC46F725CC476F00959A3F /* SwiftApp 3.xcdatamodel */ = {isa = PBXFileReference; lastKnownFileType = wrapper.xcdatamodel; path = "SwiftApp 3.xcdatamodel"; sourceTree = "<group>"; };
		F7AEB383268F5C84009C4025 /* SwiftApp 4.xcdatamodel */ = {isa = PBXFileReference; lastKnownFileType = wrapper.xcdatamodel; path = "SwiftApp 4.xcdatamodel"; sourceTree = "<group>"; };
		F7AEB384268F5DD8009C4025 /* PointInt32toFloat.xcmappingmodel */ = {isa = PBXFileReference; lastKnownFileType = wrapper.xcmappingmodel; path = PointInt32toFloat.xcmappingmodel; sourceTree = "<group>"; };
		F7AEB38C268F61DF009C4025 /* ResetData.xcmappingmodel */ = {isa = PBXFileReference; lastKnownFileType = wrapper.xcmappingmodel; path = ResetData.xcmappingmodel; sourceTree = "<group>"; };
		F7AEB394268F630F009C4025 /* README.md */ = {isa = PBXFileReference; lastKnownFileType = net.daringfireball.markdown; path = README.md; sourceTree = "<group>"; };
		F7CB7EE2257769F9007CC57B /* MyPage.swift */ = {isa = PBXFileReference; lastKnownFileType = sourcecode.swift; path = MyPage.swift; sourceTree = "<group>"; };
		F7D139DE2579274F00230F51 /* SwiftApp 2.xcdatamodel */ = {isa = PBXFileReference; lastKnownFileType = wrapper.xcdatamodel; path = "SwiftApp 2.xcdatamodel"; sourceTree = "<group>"; };
		F7D416BE2573DE5700822D74 /* PostEntity+Extension.swift */ = {isa = PBXFileReference; lastKnownFileType = sourcecode.swift; path = "PostEntity+Extension.swift"; sourceTree = "<group>"; };
		F7FB2EB325D962F0007BDA98 /* PostsSortedByDate.swift */ = {isa = PBXFileReference; lastKnownFileType = sourcecode.swift; path = PostsSortedByDate.swift; sourceTree = "<group>"; };
/* End PBXFileReference section */

/* Begin PBXFrameworksBuildPhase section */
		F78477A325727F0D00499835 /* Frameworks */ = {
			isa = PBXFrameworksBuildPhase;
			buildActionMask = 2147483647;
			files = (
			);
			runOnlyForDeploymentPostprocessing = 0;
		};
		F78477B925727F1600499835 /* Frameworks */ = {
			isa = PBXFrameworksBuildPhase;
			buildActionMask = 2147483647;
			files = (
			);
			runOnlyForDeploymentPostprocessing = 0;
		};
		F78477C425727F1600499835 /* Frameworks */ = {
			isa = PBXFrameworksBuildPhase;
			buildActionMask = 2147483647;
			files = (
			);
			runOnlyForDeploymentPostprocessing = 0;
		};
/* End PBXFrameworksBuildPhase section */

/* Begin PBXGroup section */
		F74F8A2326AA8C8E001B47CD /* BarView */ = {
			isa = PBXGroup;
			children = (
				F72D24B1269BAD2700D9715A /* BarGraph.swift */,
				F785E83C26A9C362003043B7 /* BarViewPerWeek.swift */,
				F74F8A1626AA8078001B47CD /* BarViewPerMonth.swift */,
				F74F8A1B26AA8165001B47CD /* BarViewPerDay.swift */,
			);
			path = BarView;
			sourceTree = "<group>";
		};
		F759D74B25D57485003301BC /* Posts */ = {
			isa = PBXGroup;
			children = (
				F75E164B25D8F3E000FAC2A2 /* Calender.swift */,
				F7342B2C25D44AD300B209C9 /* PostRow.swift */,
				F77DA9BB25734B200095B6C3 /* PostsList.swift */,
				F77DA9C32573D3400095B6C3 /* PostsNew.swift */,
				F72593552588DA4000E3079D /* PostsEdit.swift */,
				F7FB2EB325D962F0007BDA98 /* PostsSortedByDate.swift */,
			);
			path = Posts;
			sourceTree = "<group>";
		};
		F75B349E25D5761B00F06DEB /* Rewards */ = {
			isa = PBXGroup;
			children = (
				F77C09E525D1481600D0F7A7 /* RewardDone.swift */,
				F75E7015257D51A000C4E6D9 /* RewardNew.swift */,
				F7342B3125D44CC500B209C9 /* RewardRow.swift */,
				F72205E22577B3FB003DE067 /* RewardSheet.swift */,
			);
			path = Rewards;
			sourceTree = "<group>";
		};
		F75B34A225D5764000F06DEB /* User */ = {
			isa = PBXGroup;
			children = (
				F77F7E8A257A62C700DAA12B /* EditUser.swift */,
				F7342B2125D430A200B209C9 /* UserProfile.swift */,
				F7CB7EE2257769F9007CC57B /* MyPage.swift */,
				F78477D92572806E00499835 /* CircleImage.swift */,
				F7A2E33926ABAF9200FC20AB /* TodaysPoint.swift */,
			);
			path = User;
			sourceTree = "<group>";
		};
		F784779D25727F0D00499835 = {
			isa = PBXGroup;
			children = (
				F7AEB394268F630F009C4025 /* README.md */,
				F78477A825727F0D00499835 /* SwiftApp */,
				F78477BF25727F1600499835 /* SwiftAppTests */,
				F78477CA25727F1600499835 /* SwiftAppUITests */,
				F78477A725727F0D00499835 /* Products */,
			);
			sourceTree = "<group>";
		};
		F78477A725727F0D00499835 /* Products */ = {
			isa = PBXGroup;
			children = (
				F78477A625727F0D00499835 /* SwiftApp.app */,
				F78477BC25727F1600499835 /* SwiftAppTests.xctest */,
				F78477C725727F1600499835 /* SwiftAppUITests.xctest */,
			);
			name = Products;
			sourceTree = "<group>";
		};
		F78477A825727F0D00499835 /* SwiftApp */ = {
			isa = PBXGroup;
			children = (
				F7998C5125752D5700C35447 /* Extension */,
				F78477A925727F0D00499835 /* AppDelegate.swift */,
				F78D28FB25E00A2A002024E4 /* ColorSetting.swift */,
				F78477AD25727F0D00499835 /* ContentView.swift */,
				F749BDED25CE654100229985 /* ImagePicker.swift */,
				F78477AB25727F0D00499835 /* SceneDelegate.swift */,
				F74F8A2326AA8C8E001B47CD /* BarView */,
				F759D74B25D57485003301BC /* Posts */,
				F75B349E25D5761B00F06DEB /* Rewards */,
				F75B34A225D5764000F06DEB /* User */,
				F77DA9C02573D1470095B6C3 /* SwiftApp.xcdatamodeld */,
				F7AEB38C268F61DF009C4025 /* ResetData.xcmappingmodel */,
				F7AEB384268F5DD8009C4025 /* PointInt32toFloat.xcmappingmodel */,
				F78477AF25727F1500499835 /* Assets.xcassets */,
				F78477B425727F1500499835 /* LaunchScreen.storyboard */,
				F78477B725727F1500499835 /* Info.plist */,
				F78477B125727F1500499835 /* Preview Content */,
			);
			path = SwiftApp;
			sourceTree = "<group>";
		};
		F78477B125727F1500499835 /* Preview Content */ = {
			isa = PBXGroup;
			children = (
				F78477B225727F1500499835 /* Preview Assets.xcassets */,
			);
			path = "Preview Content";
			sourceTree = "<group>";
		};
		F78477BF25727F1600499835 /* SwiftAppTests */ = {
			isa = PBXGroup;
			children = (
				F78477C025727F1600499835 /* SwiftAppTests.swift */,
				F78477C225727F1600499835 /* Info.plist */,
			);
			path = SwiftAppTests;
			sourceTree = "<group>";
		};
		F78477CA25727F1600499835 /* SwiftAppUITests */ = {
			isa = PBXGroup;
			children = (
				F78477CB25727F1600499835 /* SwiftAppUITests.swift */,
				F78477CD25727F1600499835 /* Info.plist */,
			);
			path = SwiftAppUITests;
			sourceTree = "<group>";
		};
		F7998C5125752D5700C35447 /* Extension */ = {
			isa = PBXGroup;
			children = (
				F7D416BE2573DE5700822D74 /* PostEntity+Extension.swift */,
				F77F7E8C257A630800DAA12B /* RewardEntity+Extention.swift */,
				F7199B4F258BA83300CCC3C2 /* Binding+Extention.swift */,
				F749BDF325CEBB0A00229985 /* UserDefault+Extention.swift */,
			);
			path = Extension;
			sourceTree = "<group>";
		};
/* End PBXGroup section */

/* Begin PBXNativeTarget section */
		F78477A525727F0D00499835 /* SwiftApp */ = {
			isa = PBXNativeTarget;
			buildConfigurationList = F78477D025727F1600499835 /* Build configuration list for PBXNativeTarget "SwiftApp" */;
			buildPhases = (
				F78477A225727F0D00499835 /* Sources */,
				F78477A325727F0D00499835 /* Frameworks */,
				F78477A425727F0D00499835 /* Resources */,
			);
			buildRules = (
			);
			dependencies = (
			);
			name = SwiftApp;
			productName = SwiftApp;
			productReference = F78477A625727F0D00499835 /* SwiftApp.app */;
			productType = "com.apple.product-type.application";
		};
		F78477BB25727F1600499835 /* SwiftAppTests */ = {
			isa = PBXNativeTarget;
			buildConfigurationList = F78477D325727F1600499835 /* Build configuration list for PBXNativeTarget "SwiftAppTests" */;
			buildPhases = (
				F78477B825727F1600499835 /* Sources */,
				F78477B925727F1600499835 /* Frameworks */,
				F78477BA25727F1600499835 /* Resources */,
			);
			buildRules = (
			);
			dependencies = (
				F78477BE25727F1600499835 /* PBXTargetDependency */,
			);
			name = SwiftAppTests;
			productName = SwiftAppTests;
			productReference = F78477BC25727F1600499835 /* SwiftAppTests.xctest */;
			productType = "com.apple.product-type.bundle.unit-test";
		};
		F78477C625727F1600499835 /* SwiftAppUITests */ = {
			isa = PBXNativeTarget;
			buildConfigurationList = F78477D625727F1600499835 /* Build configuration list for PBXNativeTarget "SwiftAppUITests" */;
			buildPhases = (
				F78477C325727F1600499835 /* Sources */,
				F78477C425727F1600499835 /* Frameworks */,
				F78477C525727F1600499835 /* Resources */,
			);
			buildRules = (
			);
			dependencies = (
				F78477C925727F1600499835 /* PBXTargetDependency */,
			);
			name = SwiftAppUITests;
			productName = SwiftAppUITests;
			productReference = F78477C725727F1600499835 /* SwiftAppUITests.xctest */;
			productType = "com.apple.product-type.bundle.ui-testing";
		};
/* End PBXNativeTarget section */

/* Begin PBXProject section */
		F784779E25727F0D00499835 /* Project object */ = {
			isa = PBXProject;
			attributes = {
				LastSwiftUpdateCheck = 1160;
				LastUpgradeCheck = 1240;
				ORGANIZATIONNAME = "Kaisei Arimura";
				TargetAttributes = {
					F78477A525727F0D00499835 = {
						CreatedOnToolsVersion = 11.6;
					};
					F78477BB25727F1600499835 = {
						CreatedOnToolsVersion = 11.6;
						TestTargetID = F78477A525727F0D00499835;
					};
					F78477C625727F1600499835 = {
						CreatedOnToolsVersion = 11.6;
						TestTargetID = F78477A525727F0D00499835;
					};
				};
			};
			buildConfigurationList = F78477A125727F0D00499835 /* Build configuration list for PBXProject "SwiftApp" */;
			compatibilityVersion = "Xcode 9.3";
			developmentRegion = en;
			hasScannedForEncodings = 0;
			knownRegions = (
				en,
				Base,
				ja,
			);
			mainGroup = F784779D25727F0D00499835;
			productRefGroup = F78477A725727F0D00499835 /* Products */;
			projectDirPath = "";
			projectRoot = "";
			targets = (
				F78477A525727F0D00499835 /* SwiftApp */,
				F78477BB25727F1600499835 /* SwiftAppTests */,
				F78477C625727F1600499835 /* SwiftAppUITests */,
			);
		};
/* End PBXProject section */

/* Begin PBXResourcesBuildPhase section */
		F78477A425727F0D00499835 /* Resources */ = {
			isa = PBXResourcesBuildPhase;
			buildActionMask = 2147483647;
			files = (
				F78477B625727F1500499835 /* LaunchScreen.storyboard in Resources */,
				F78477B325727F1500499835 /* Preview Assets.xcassets in Resources */,
				F78477B025727F1500499835 /* Assets.xcassets in Resources */,
			);
			runOnlyForDeploymentPostprocessing = 0;
		};
		F78477BA25727F1600499835 /* Resources */ = {
			isa = PBXResourcesBuildPhase;
			buildActionMask = 2147483647;
			files = (
			);
			runOnlyForDeploymentPostprocessing = 0;
		};
		F78477C525727F1600499835 /* Resources */ = {
			isa = PBXResourcesBuildPhase;
			buildActionMask = 2147483647;
			files = (
			);
			runOnlyForDeploymentPostprocessing = 0;
		};
/* End PBXResourcesBuildPhase section */

/* Begin PBXSourcesBuildPhase section */
		F78477A225727F0D00499835 /* Sources */ = {
			isa = PBXSourcesBuildPhase;
			buildActionMask = 2147483647;
			files = (
				F7342B3225D44CC500B209C9 /* RewardRow.swift in Sources */,
				F77F7E8D257A630800DAA12B /* RewardEntity+Extention.swift in Sources */,
				F77DA9C42573D3400095B6C3 /* PostsNew.swift in Sources */,
				F749BDEE25CE654100229985 /* ImagePicker.swift in Sources */,
				F7199B50258BA83400CCC3C2 /* Binding+Extention.swift in Sources */,
				F78D28FC25E00A2B002024E4 /* ColorSetting.swift in Sources */,
				F72205E32577B3FB003DE067 /* RewardSheet.swift in Sources */,
				F7342B2D25D44AD300B209C9 /* PostRow.swift in Sources */,
				F7FB2EB425D962F0007BDA98 /* PostsSortedByDate.swift in Sources */,
				F77DA9C22573D1470095B6C3 /* SwiftApp.xcdatamodeld in Sources */,
				F749BDF425CEBB0A00229985 /* UserDefault+Extention.swift in Sources */,
				F75E7016257D51A000C4E6D9 /* RewardNew.swift in Sources */,
				F75E164C25D8F3E000FAC2A2 /* Calender.swift in Sources */,
				F7A2E33A26ABAF9200FC20AB /* TodaysPoint.swift in Sources */,
				F78477AA25727F0D00499835 /* AppDelegate.swift in Sources */,
				F74F8A1726AA8078001B47CD /* BarViewPerMonth.swift in Sources */,
				F7CB7EE3257769F9007CC57B /* MyPage.swift in Sources */,
				F72593562588DA4000E3079D /* PostsEdit.swift in Sources */,
				F78477DA2572806E00499835 /* CircleImage.swift in Sources */,
				F7AEB38D268F61DF009C4025 /* ResetData.xcmappingmodel in Sources */,
				F77C09E625D1481600D0F7A7 /* RewardDone.swift in Sources */,
				F77DA9BC25734B200095B6C3 /* PostsList.swift in Sources */,
				F7342B2225D430A200B209C9 /* UserProfile.swift in Sources */,
				F72D24B2269BAD2800D9715A /* BarGraph.swift in Sources */,
				F77F7E8B257A62C700DAA12B /* EditUser.swift in Sources */,
				F74F8A1C26AA8165001B47CD /* BarViewPerDay.swift in Sources */,
				F78477AC25727F0D00499835 /* SceneDelegate.swift in Sources */,
				F7D416BF2573DE5700822D74 /* PostEntity+Extension.swift in Sources */,
				F78477AE25727F0D00499835 /* ContentView.swift in Sources */,
				F7AEB385268F5DD9009C4025 /* PointInt32toFloat.xcmappingmodel in Sources */,
				F785E83D26A9C362003043B7 /* BarViewPerWeek.swift in Sources */,
			);
			runOnlyForDeploymentPostprocessing = 0;
		};
		F78477B825727F1600499835 /* Sources */ = {
			isa = PBXSourcesBuildPhase;
			buildActionMask = 2147483647;
			files = (
				F78477C125727F1600499835 /* SwiftAppTests.swift in Sources */,
			);
			runOnlyForDeploymentPostprocessing = 0;
		};
		F78477C325727F1600499835 /* Sources */ = {
			isa = PBXSourcesBuildPhase;
			buildActionMask = 2147483647;
			files = (
				F78477CC25727F1600499835 /* SwiftAppUITests.swift in Sources */,
			);
			runOnlyForDeploymentPostprocessing = 0;
		};
/* End PBXSourcesBuildPhase section */

/* Begin PBXTargetDependency section */
		F78477BE25727F1600499835 /* PBXTargetDependency */ = {
			isa = PBXTargetDependency;
			target = F78477A525727F0D00499835 /* SwiftApp */;
			targetProxy = F78477BD25727F1600499835 /* PBXContainerItemProxy */;
		};
		F78477C925727F1600499835 /* PBXTargetDependency */ = {
			isa = PBXTargetDependency;
			target = F78477A525727F0D00499835 /* SwiftApp */;
			targetProxy = F78477C825727F1600499835 /* PBXContainerItemProxy */;
		};
/* End PBXTargetDependency section */

/* Begin PBXVariantGroup section */
		F78477B425727F1500499835 /* LaunchScreen.storyboard */ = {
			isa = PBXVariantGroup;
			children = (
				F78477B525727F1500499835 /* Base */,
			);
			name = LaunchScreen.storyboard;
			sourceTree = "<group>";
		};
/* End PBXVariantGroup section */

/* Begin XCBuildConfiguration section */
		F78477CE25727F1600499835 /* Debug */ = {
			isa = XCBuildConfiguration;
			buildSettings = {
				ALWAYS_SEARCH_USER_PATHS = NO;
				CLANG_ANALYZER_NONNULL = YES;
				CLANG_ANALYZER_NUMBER_OBJECT_CONVERSION = YES_AGGRESSIVE;
				CLANG_CXX_LANGUAGE_STANDARD = "gnu++14";
				CLANG_CXX_LIBRARY = "libc++";
				CLANG_ENABLE_MODULES = YES;
				CLANG_ENABLE_OBJC_ARC = YES;
				CLANG_ENABLE_OBJC_WEAK = YES;
				CLANG_WARN_BLOCK_CAPTURE_AUTORELEASING = YES;
				CLANG_WARN_BOOL_CONVERSION = YES;
				CLANG_WARN_COMMA = YES;
				CLANG_WARN_CONSTANT_CONVERSION = YES;
				CLANG_WARN_DEPRECATED_OBJC_IMPLEMENTATIONS = YES;
				CLANG_WARN_DIRECT_OBJC_ISA_USAGE = YES_ERROR;
				CLANG_WARN_DOCUMENTATION_COMMENTS = YES;
				CLANG_WARN_EMPTY_BODY = YES;
				CLANG_WARN_ENUM_CONVERSION = YES;
				CLANG_WARN_INFINITE_RECURSION = YES;
				CLANG_WARN_INT_CONVERSION = YES;
				CLANG_WARN_NON_LITERAL_NULL_CONVERSION = YES;
				CLANG_WARN_OBJC_IMPLICIT_RETAIN_SELF = YES;
				CLANG_WARN_OBJC_LITERAL_CONVERSION = YES;
				CLANG_WARN_OBJC_ROOT_CLASS = YES_ERROR;
				CLANG_WARN_QUOTED_INCLUDE_IN_FRAMEWORK_HEADER = YES;
				CLANG_WARN_RANGE_LOOP_ANALYSIS = YES;
				CLANG_WARN_STRICT_PROTOTYPES = YES;
				CLANG_WARN_SUSPICIOUS_MOVE = YES;
				CLANG_WARN_UNGUARDED_AVAILABILITY = YES_AGGRESSIVE;
				CLANG_WARN_UNREACHABLE_CODE = YES;
				CLANG_WARN__DUPLICATE_METHOD_MATCH = YES;
				COPY_PHASE_STRIP = NO;
				DEBUG_INFORMATION_FORMAT = dwarf;
				ENABLE_STRICT_OBJC_MSGSEND = YES;
				ENABLE_TESTABILITY = YES;
				GCC_C_LANGUAGE_STANDARD = gnu11;
				GCC_DYNAMIC_NO_PIC = NO;
				GCC_NO_COMMON_BLOCKS = YES;
				GCC_OPTIMIZATION_LEVEL = 0;
				GCC_PREPROCESSOR_DEFINITIONS = (
					"DEBUG=1",
					"$(inherited)",
				);
				GCC_WARN_64_TO_32_BIT_CONVERSION = YES;
				GCC_WARN_ABOUT_RETURN_TYPE = YES_ERROR;
				GCC_WARN_UNDECLARED_SELECTOR = YES;
				GCC_WARN_UNINITIALIZED_AUTOS = YES_AGGRESSIVE;
				GCC_WARN_UNUSED_FUNCTION = YES;
				GCC_WARN_UNUSED_VARIABLE = YES;
				IPHONEOS_DEPLOYMENT_TARGET = 13.6;
				MTL_ENABLE_DEBUG_INFO = INCLUDE_SOURCE;
				MTL_FAST_MATH = YES;
				ONLY_ACTIVE_ARCH = YES;
				SDKROOT = iphoneos;
				SWIFT_ACTIVE_COMPILATION_CONDITIONS = DEBUG;
				SWIFT_OPTIMIZATION_LEVEL = "-Onone";
			};
			name = Debug;
		};
		F78477CF25727F1600499835 /* Release */ = {
			isa = XCBuildConfiguration;
			buildSettings = {
				ALWAYS_SEARCH_USER_PATHS = NO;
				CLANG_ANALYZER_NONNULL = YES;
				CLANG_ANALYZER_NUMBER_OBJECT_CONVERSION = YES_AGGRESSIVE;
				CLANG_CXX_LANGUAGE_STANDARD = "gnu++14";
				CLANG_CXX_LIBRARY = "libc++";
				CLANG_ENABLE_MODULES = YES;
				CLANG_ENABLE_OBJC_ARC = YES;
				CLANG_ENABLE_OBJC_WEAK = YES;
				CLANG_WARN_BLOCK_CAPTURE_AUTORELEASING = YES;
				CLANG_WARN_BOOL_CONVERSION = YES;
				CLANG_WARN_COMMA = YES;
				CLANG_WARN_CONSTANT_CONVERSION = YES;
				CLANG_WARN_DEPRECATED_OBJC_IMPLEMENTATIONS = YES;
				CLANG_WARN_DIRECT_OBJC_ISA_USAGE = YES_ERROR;
				CLANG_WARN_DOCUMENTATION_COMMENTS = YES;
				CLANG_WARN_EMPTY_BODY = YES;
				CLANG_WARN_ENUM_CONVERSION = YES;
				CLANG_WARN_INFINITE_RECURSION = YES;
				CLANG_WARN_INT_CONVERSION = YES;
				CLANG_WARN_NON_LITERAL_NULL_CONVERSION = YES;
				CLANG_WARN_OBJC_IMPLICIT_RETAIN_SELF = YES;
				CLANG_WARN_OBJC_LITERAL_CONVERSION = YES;
				CLANG_WARN_OBJC_ROOT_CLASS = YES_ERROR;
				CLANG_WARN_QUOTED_INCLUDE_IN_FRAMEWORK_HEADER = YES;
				CLANG_WARN_RANGE_LOOP_ANALYSIS = YES;
				CLANG_WARN_STRICT_PROTOTYPES = YES;
				CLANG_WARN_SUSPICIOUS_MOVE = YES;
				CLANG_WARN_UNGUARDED_AVAILABILITY = YES_AGGRESSIVE;
				CLANG_WARN_UNREACHABLE_CODE = YES;
				CLANG_WARN__DUPLICATE_METHOD_MATCH = YES;
				COPY_PHASE_STRIP = NO;
				DEBUG_INFORMATION_FORMAT = "dwarf-with-dsym";
				ENABLE_NS_ASSERTIONS = NO;
				ENABLE_STRICT_OBJC_MSGSEND = YES;
				GCC_C_LANGUAGE_STANDARD = gnu11;
				GCC_NO_COMMON_BLOCKS = YES;
				GCC_WARN_64_TO_32_BIT_CONVERSION = YES;
				GCC_WARN_ABOUT_RETURN_TYPE = YES_ERROR;
				GCC_WARN_UNDECLARED_SELECTOR = YES;
				GCC_WARN_UNINITIALIZED_AUTOS = YES_AGGRESSIVE;
				GCC_WARN_UNUSED_FUNCTION = YES;
				GCC_WARN_UNUSED_VARIABLE = YES;
				IPHONEOS_DEPLOYMENT_TARGET = 13.6;
				MTL_ENABLE_DEBUG_INFO = NO;
				MTL_FAST_MATH = YES;
				SDKROOT = iphoneos;
				SWIFT_COMPILATION_MODE = wholemodule;
				SWIFT_OPTIMIZATION_LEVEL = "-O";
				VALIDATE_PRODUCT = YES;
			};
			name = Release;
		};
		F78477D125727F1600499835 /* Debug */ = {
			isa = XCBuildConfiguration;
			buildSettings = {
				ASSETCATALOG_COMPILER_APPICON_NAME = AppIcon;
				CODE_SIGN_STYLE = Automatic;
				DEVELOPMENT_ASSET_PATHS = "\"SwiftApp/Preview Content\"";
				DEVELOPMENT_TEAM = 8JPRQQP7VB;
				ENABLE_PREVIEWS = YES;
				INFOPLIST_FILE = SwiftApp/Info.plist;
				LD_RUNPATH_SEARCH_PATHS = (
					"$(inherited)",
					"@executable_path/Frameworks",
				);
				MARKETING_VERSION = 1.0.3;
				PRODUCT_BUNDLE_IDENTIFIER = com.hitodeface.SwiftApp;
				PRODUCT_NAME = "$(TARGET_NAME)";
				SWIFT_VERSION = 5.0;
				TARGETED_DEVICE_FAMILY = "1,2";
			};
			name = Debug;
		};
		F78477D225727F1600499835 /* Release */ = {
			isa = XCBuildConfiguration;
			buildSettings = {
				ASSETCATALOG_COMPILER_APPICON_NAME = AppIcon;
				CODE_SIGN_STYLE = Automatic;
				DEVELOPMENT_ASSET_PATHS = "\"SwiftApp/Preview Content\"";
				DEVELOPMENT_TEAM = 8JPRQQP7VB;
				ENABLE_PREVIEWS = YES;
				INFOPLIST_FILE = SwiftApp/Info.plist;
				LD_RUNPATH_SEARCH_PATHS = (
					"$(inherited)",
					"@executable_path/Frameworks",
				);
				MARKETING_VERSION = 1.0.3;
				PRODUCT_BUNDLE_IDENTIFIER = com.hitodeface.SwiftApp;
				PRODUCT_NAME = "$(TARGET_NAME)";
				SWIFT_VERSION = 5.0;
				TARGETED_DEVICE_FAMILY = "1,2";
			};
			name = Release;
		};
		F78477D425727F1600499835 /* Debug */ = {
			isa = XCBuildConfiguration;
			buildSettings = {
				ALWAYS_EMBED_SWIFT_STANDARD_LIBRARIES = YES;
				BUNDLE_LOADER = "$(TEST_HOST)";
				CODE_SIGN_STYLE = Automatic;
				INFOPLIST_FILE = SwiftAppTests/Info.plist;
				IPHONEOS_DEPLOYMENT_TARGET = 13.6;
				LD_RUNPATH_SEARCH_PATHS = (
					"$(inherited)",
					"@executable_path/Frameworks",
					"@loader_path/Frameworks",
				);
				PRODUCT_BUNDLE_IDENTIFIER = com.hitodeface.SwiftAppTests;
				PRODUCT_NAME = "$(TARGET_NAME)";
				SWIFT_VERSION = 5.0;
				TARGETED_DEVICE_FAMILY = "1,2";
				TEST_HOST = "$(BUILT_PRODUCTS_DIR)/SwiftApp.app/SwiftApp";
			};
			name = Debug;
		};
		F78477D525727F1600499835 /* Release */ = {
			isa = XCBuildConfiguration;
			buildSettings = {
				ALWAYS_EMBED_SWIFT_STANDARD_LIBRARIES = YES;
				BUNDLE_LOADER = "$(TEST_HOST)";
				CODE_SIGN_STYLE = Automatic;
				INFOPLIST_FILE = SwiftAppTests/Info.plist;
				IPHONEOS_DEPLOYMENT_TARGET = 13.6;
				LD_RUNPATH_SEARCH_PATHS = (
					"$(inherited)",
					"@executable_path/Frameworks",
					"@loader_path/Frameworks",
				);
				PRODUCT_BUNDLE_IDENTIFIER = com.hitodeface.SwiftAppTests;
				PRODUCT_NAME = "$(TARGET_NAME)";
				SWIFT_VERSION = 5.0;
				TARGETED_DEVICE_FAMILY = "1,2";
				TEST_HOST = "$(BUILT_PRODUCTS_DIR)/SwiftApp.app/SwiftApp";
			};
			name = Release;
		};
		F78477D725727F1600499835 /* Debug */ = {
			isa = XCBuildConfiguration;
			buildSettings = {
				ALWAYS_EMBED_SWIFT_STANDARD_LIBRARIES = YES;
				CODE_SIGN_STYLE = Automatic;
				INFOPLIST_FILE = SwiftAppUITests/Info.plist;
				LD_RUNPATH_SEARCH_PATHS = (
					"$(inherited)",
					"@executable_path/Frameworks",
					"@loader_path/Frameworks",
				);
				PRODUCT_BUNDLE_IDENTIFIER = com.hitodeface.SwiftAppUITests;
				PRODUCT_NAME = "$(TARGET_NAME)";
				SWIFT_VERSION = 5.0;
				TARGETED_DEVICE_FAMILY = "1,2";
				TEST_TARGET_NAME = SwiftApp;
			};
			name = Debug;
		};
		F78477D825727F1600499835 /* Release */ = {
			isa = XCBuildConfiguration;
			buildSettings = {
				ALWAYS_EMBED_SWIFT_STANDARD_LIBRARIES = YES;
				CODE_SIGN_STYLE = Automatic;
				INFOPLIST_FILE = SwiftAppUITests/Info.plist;
				LD_RUNPATH_SEARCH_PATHS = (
					"$(inherited)",
					"@executable_path/Frameworks",
					"@loader_path/Frameworks",
				);
				PRODUCT_BUNDLE_IDENTIFIER = com.hitodeface.SwiftAppUITests;
				PRODUCT_NAME = "$(TARGET_NAME)";
				SWIFT_VERSION = 5.0;
				TARGETED_DEVICE_FAMILY = "1,2";
				TEST_TARGET_NAME = SwiftApp;
			};
			name = Release;
		};
/* End XCBuildConfiguration section */

/* Begin XCConfigurationList section */
		F78477A125727F0D00499835 /* Build configuration list for PBXProject "SwiftApp" */ = {
			isa = XCConfigurationList;
			buildConfigurations = (
				F78477CE25727F1600499835 /* Debug */,
				F78477CF25727F1600499835 /* Release */,
			);
			defaultConfigurationIsVisible = 0;
			defaultConfigurationName = Release;
		};
		F78477D025727F1600499835 /* Build configuration list for PBXNativeTarget "SwiftApp" */ = {
			isa = XCConfigurationList;
			buildConfigurations = (
				F78477D125727F1600499835 /* Debug */,
				F78477D225727F1600499835 /* Release */,
			);
			defaultConfigurationIsVisible = 0;
			defaultConfigurationName = Release;
		};
		F78477D325727F1600499835 /* Build configuration list for PBXNativeTarget "SwiftAppTests" */ = {
			isa = XCConfigurationList;
			buildConfigurations = (
				F78477D425727F1600499835 /* Debug */,
				F78477D525727F1600499835 /* Release */,
			);
			defaultConfigurationIsVisible = 0;
			defaultConfigurationName = Release;
		};
		F78477D625727F1600499835 /* Build configuration list for PBXNativeTarget "SwiftAppUITests" */ = {
			isa = XCConfigurationList;
			buildConfigurations = (
				F78477D725727F1600499835 /* Debug */,
				F78477D825727F1600499835 /* Release */,
			);
			defaultConfigurationIsVisible = 0;
			defaultConfigurationName = Release;
		};
/* End XCConfigurationList section */

/* Begin XCVersionGroup section */
		F77DA9C02573D1470095B6C3 /* SwiftApp.xcdatamodeld */ = {
			isa = XCVersionGroup;
			children = (
				F7AEB383268F5C84009C4025 /* SwiftApp 4.xcdatamodel */,
				F7AC46F725CC476F00959A3F /* SwiftApp 3.xcdatamodel */,
				F7D139DE2579274F00230F51 /* SwiftApp 2.xcdatamodel */,
				F77DA9C12573D1470095B6C3 /* SwiftApp.xcdatamodel */,
			);
			currentVersion = F7AC46F725CC476F00959A3F /* SwiftApp 3.xcdatamodel */;
			path = SwiftApp.xcdatamodeld;
			sourceTree = "<group>";
			versionGroupType = wrapper.xcdatamodel;
		};
/* End XCVersionGroup section */
	};
	rootObject = F784779E25727F0D00499835 /* Project object */;
}
